
Microsoft Visual Studio Solution File, Format Version 12.00
# Visual Studio Version 17
VisualStudioVersion = 17.1.32421.90
MinimumVisualStudioVersion = 10.0.40219.1
Project("{FAE04EC0-301F-11D3-BF4B-00C04F79EFBC}") = "code2", "code2.csproj", "{0EBCC887-C679-40C8-9F66-4FCE38B7E478}"
EndProject
Global
	GlobalSection(SolutionConfigurationPlatforms) = preSolution
		Debug|Any CPU = Debug|Any CPU
		Release|Any CPU = Release|Any CPU
	EndGlobalSection
	GlobalSection(ProjectConfigurationPlatforms) = postSolution
		{0EBCC887-C679-40C8-9F66-4FCE38B7E478}.Debug|Any CPU.ActiveCfg = Debug|Any CPU
		{0EBCC887-C679-40C8-9F66-4FCE38B7E478}.Debug|Any CPU.Build.0 = Debug|Any CPU
		{0EBCC887-C679-40C8-9F66-4FCE38B7E478}.Release|Any CPU.ActiveCfg = Release|Any CPU
		{0EBCC887-C679-40C8-9F66-4FCE38B7E478}.Release|Any CPU.Build.0 = Release|Any CPU
	EndGlobalSection
	GlobalSection(SolutionProperties) = preSolution
		HideSolutionNode = FALSE
	EndGlobalSection
	GlobalSection(ExtensibilityGlobals) = postSolution
		SolutionGuid = {F4DE12A7-5D82-4A4E-8681-6CED694E60AA}
	EndGlobalSection
EndGlobal
